// !$*UTF8*$!
{
	archiveVersion = 1;
	classes = {
	};
	objectVersion = 56;
	objects = {

/* Begin PBXBuildFile section */
		B5A4689C2C779D93005DB485 /* AppDelegate.swift in Sources */ = {isa = PBXBuildFile; fileRef = B5A4689B2C779D93005DB485 /* AppDelegate.swift */; };
		B5A4689E2C779D93005DB485 /* GameScene.sks in Resources */ = {isa = PBXBuildFile; fileRef = B5A4689D2C779D93005DB485 /* GameScene.sks */; };
		B5A468A22C779D93005DB485 /* GameScene.swift in Sources */ = {isa = PBXBuildFile; fileRef = B5A468A12C779D93005DB485 /* GameScene.swift */; };
		B5A468A42C779D93005DB485 /* GameViewController.swift in Sources */ = {isa = PBXBuildFile; fileRef = B5A468A32C779D93005DB485 /* GameViewController.swift */; };
		B5A468A72C779D93005DB485 /* Base in Resources */ = {isa = PBXBuildFile; fileRef = B5A468A62C779D93005DB485 /* Base */; };
		B5A468A92C779D94005DB485 /* Assets.xcassets in Resources */ = {isa = PBXBuildFile; fileRef = B5A468A82C779D94005DB485 /* Assets.xcassets */; };
		B5A468AC2C779D94005DB485 /* Base in Resources */ = {isa = PBXBuildFile; fileRef = B5A468AB2C779D94005DB485 /* Base */; };
		B5A468BC2C779F0F005DB485 /* sliceHitEnemy.sks in Resources */ = {isa = PBXBuildFile; fileRef = B5A468B22C779F0F005DB485 /* sliceHitEnemy.sks */; };
		B5A468BD2C779F0F005DB485 /* launch.caf in Resources */ = {isa = PBXBuildFile; fileRef = B5A468B32C779F0F005DB485 /* launch.caf */; };
		B5A468BE2C779F0F005DB485 /* swoosh2.caf in Resources */ = {isa = PBXBuildFile; fileRef = B5A468B42C779F0F005DB485 /* swoosh2.caf */; };
		B5A468BF2C779F0F005DB485 /* explosion.caf in Resources */ = {isa = PBXBuildFile; fileRef = B5A468B52C779F0F005DB485 /* explosion.caf */; };
		B5A468C02C779F0F005DB485 /* swoosh1.caf in Resources */ = {isa = PBXBuildFile; fileRef = B5A468B62C779F0F005DB485 /* swoosh1.caf */; };
		B5A468C12C779F0F005DB485 /* sliceHitBomb.sks in Resources */ = {isa = PBXBuildFile; fileRef = B5A468B72C779F0F005DB485 /* sliceHitBomb.sks */; };
		B5A468C22C779F0F005DB485 /* whack.caf in Resources */ = {isa = PBXBuildFile; fileRef = B5A468B82C779F0F005DB485 /* whack.caf */; };
		B5A468C32C779F0F005DB485 /* wrong.caf in Resources */ = {isa = PBXBuildFile; fileRef = B5A468B92C779F0F005DB485 /* wrong.caf */; };
		B5A468C42C779F0F005DB485 /* sliceFuse.sks in Resources */ = {isa = PBXBuildFile; fileRef = B5A468BA2C779F0F005DB485 /* sliceFuse.sks */; };
		B5A468C52C779F0F005DB485 /* swoosh3.caf in Resources */ = {isa = PBXBuildFile; fileRef = B5A468BB2C779F0F005DB485 /* swoosh3.caf */; };
/* End PBXBuildFile section */

/* Begin PBXFileReference section */
		B5A468982C779D93005DB485 /* Project23.app */ = {isa = PBXFileReference; explicitFileType = wrapper.application; includeInIndex = 0; path = Project23.app; sourceTree = BUILT_PRODUCTS_DIR; };
		B5A4689B2C779D93005DB485 /* AppDelegate.swift */ = {isa = PBXFileReference; lastKnownFileType = sourcecode.swift; path = AppDelegate.swift; sourceTree = "<group>"; };
		B5A4689D2C779D93005DB485 /* GameScene.sks */ = {isa = PBXFileReference; lastKnownFileType = file.sks; path = GameScene.sks; sourceTree = "<group>"; };
		B5A468A12C779D93005DB485 /* GameScene.swift */ = {isa = PBXFileReference; lastKnownFileType = sourcecode.swift; path = GameScene.swift; sourceTree = "<group>"; };
		B5A468A32C779D93005DB485 /* GameViewController.swift */ = {isa = PBXFileReference; lastKnownFileType = sourcecode.swift; path = GameViewController.swift; sourceTree = "<group>"; };
		B5A468A62C779D93005DB485 /* Base */ = {isa = PBXFileReference; lastKnownFileType = file.storyboard; name = Base; path = Base.lproj/Main.storyboard; sourceTree = "<group>"; };
		B5A468A82C779D94005DB485 /* Assets.xcassets */ = {isa = PBXFileReference; lastKnownFileType = folder.assetcatalog; path = Assets.xcassets; sourceTree = "<group>"; };
		B5A468AB2C779D94005DB485 /* Base */ = {isa = PBXFileReference; lastKnownFileType = file.storyboard; name = Base; path = Base.lproj/LaunchScreen.storyboard; sourceTree = "<group>"; };
		B5A468B22C779F0F005DB485 /* sliceHitEnemy.sks */ = {isa = PBXFileReference; lastKnownFileType = file.sks; name = sliceHitEnemy.sks; path = "../../project23-files/sliceHitEnemy.sks"; sourceTree = "<group>"; };
		B5A468B32C779F0F005DB485 /* launch.caf */ = {isa = PBXFileReference; lastKnownFileType = file; name = launch.caf; path = "../../project23-files/launch.caf"; sourceTree = "<group>"; };
		B5A468B42C779F0F005DB485 /* swoosh2.caf */ = {isa = PBXFileReference; lastKnownFileType = file; name = swoosh2.caf; path = "../../project23-files/swoosh2.caf"; sourceTree = "<group>"; };
		B5A468B52C779F0F005DB485 /* explosion.caf */ = {isa = PBXFileReference; lastKnownFileType = file; name = explosion.caf; path = "../../project23-files/explosion.caf"; sourceTree = "<group>"; };
		B5A468B62C779F0F005DB485 /* swoosh1.caf */ = {isa = PBXFileReference; lastKnownFileType = file; name = swoosh1.caf; path = "../../project23-files/swoosh1.caf"; sourceTree = "<group>"; };
		B5A468B72C779F0F005DB485 /* sliceHitBomb.sks */ = {isa = PBXFileReference; lastKnownFileType = file.sks; name = sliceHitBomb.sks; path = "../../project23-files/sliceHitBomb.sks"; sourceTree = "<group>"; };
		B5A468B82C779F0F005DB485 /* whack.caf */ = {isa = PBXFileReference; lastKnownFileType = file; name = whack.caf; path = "../../project23-files/whack.caf"; sourceTree = "<group>"; };
		B5A468B92C779F0F005DB485 /* wrong.caf */ = {isa = PBXFileReference; lastKnownFileType = file; name = wrong.caf; path = "../../project23-files/wrong.caf"; sourceTree = "<group>"; };
		B5A468BA2C779F0F005DB485 /* sliceFuse.sks */ = {isa = PBXFileReference; lastKnownFileType = file.sks; name = sliceFuse.sks; path = "../../project23-files/sliceFuse.sks"; sourceTree = "<group>"; };
		B5A468BB2C779F0F005DB485 /* swoosh3.caf */ = {isa = PBXFileReference; lastKnownFileType = file; name = swoosh3.caf; path = "../../project23-files/swoosh3.caf"; sourceTree = "<group>"; };
/* End PBXFileReference section */

/* Begin PBXFrameworksBuildPhase section */
		B5A468952C779D93005DB485 /* Frameworks */ = {
			isa = PBXFrameworksBuildPhase;
			buildActionMask = 2147483647;
			files = (
			);
			runOnlyForDeploymentPostprocessing = 0;
		};
/* End PBXFrameworksBuildPhase section */

/* Begin PBXGroup section */
		B5A4688F2C779D93005DB485 = {
			isa = PBXGroup;
			children = (
				B5A4689A2C779D93005DB485 /* Project23 */,
				B5A468992C779D93005DB485 /* Products */,
			);
			sourceTree = "<group>";
		};
		B5A468992C779D93005DB485 /* Products */ = {
			isa = PBXGroup;
			children = (
				B5A468982C779D93005DB485 /* Project23.app */,
			);
			name = Products;
			sourceTree = "<group>";
		};
		B5A4689A2C779D93005DB485 /* Project23 */ = {
			isa = PBXGroup;
			children = (
				B5A4689B2C779D93005DB485 /* AppDelegate.swift */,
				B5A4689D2C779D93005DB485 /* GameScene.sks */,
				B5A468A12C779D93005DB485 /* GameScene.swift */,
				B5A468A32C779D93005DB485 /* GameViewController.swift */,
				B5A468A52C779D93005DB485 /* Main.storyboard */,
				B5A468A82C779D94005DB485 /* Assets.xcassets */,
				B5A468AA2C779D94005DB485 /* LaunchScreen.storyboard */,
				B5A468B52C779F0F005DB485 /* explosion.caf */,
				B5A468B32C779F0F005DB485 /* launch.caf */,
				B5A468BA2C779F0F005DB485 /* sliceFuse.sks */,
				B5A468B72C779F0F005DB485 /* sliceHitBomb.sks */,
				B5A468B22C779F0F005DB485 /* sliceHitEnemy.sks */,
				B5A468B62C779F0F005DB485 /* swoosh1.caf */,
				B5A468B42C779F0F005DB485 /* swoosh2.caf */,
				B5A468BB2C779F0F005DB485 /* swoosh3.caf */,
				B5A468B82C779F0F005DB485 /* whack.caf */,
				B5A468B92C779F0F005DB485 /* wrong.caf */,
			);
			path = Project23;
			sourceTree = "<group>";
		};
/* End PBXGroup section */

/* Begin PBXNativeTarget section */
		B5A468972C779D93005DB485 /* Project23 */ = {
			isa = PBXNativeTarget;
			buildConfigurationList = B5A468AF2C779D94005DB485 /* Build configuration list for PBXNativeTarget "Project23" */;
			buildPhases = (
				B5A468942C779D93005DB485 /* Sources */,
				B5A468952C779D93005DB485 /* Frameworks */,
				B5A468962C779D93005DB485 /* Resources */,
			);
			buildRules = (
			);
			dependencies = (
			);
			name = Project23;
			productName = Project23;
			productReference = B5A468982C779D93005DB485 /* Project23.app */;
			productType = "com.apple.product-type.application";
		};
/* End PBXNativeTarget section */

/* Begin PBXProject section */
		B5A468902C779D93005DB485 /* Project object */ = {
			isa = PBXProject;
			attributes = {
				BuildIndependentTargetsInParallel = 1;
				LastSwiftUpdateCheck = 1540;
				LastUpgradeCheck = 1540;
				TargetAttributes = {
					B5A468972C779D93005DB485 = {
						CreatedOnToolsVersion = 15.4;
					};
				};
			};
			buildConfigurationList = B5A468932C779D93005DB485 /* Build configuration list for PBXProject "Project23" */;
			compatibilityVersion = "Xcode 14.0";
			developmentRegion = en;
			hasScannedForEncodings = 0;
			knownRegions = (
				en,
				Base,
			);
			mainGroup = B5A4688F2C779D93005DB485;
			productRefGroup = B5A468992C779D93005DB485 /* Products */;
			projectDirPath = "";
			projectRoot = "";
			targets = (
				B5A468972C779D93005DB485 /* Project23 */,
			);
		};
/* End PBXProject section */

/* Begin PBXResourcesBuildPhase section */
		B5A468962C779D93005DB485 /* Resources */ = {
			isa = PBXResourcesBuildPhase;
			buildActionMask = 2147483647;
			files = (
				B5A4689E2C779D93005DB485 /* GameScene.sks in Resources */,
				B5A468BD2C779F0F005DB485 /* launch.caf in Resources */,
				B5A468A72C779D93005DB485 /* Base in Resources */,
				B5A468BE2C779F0F005DB485 /* swoosh2.caf in Resources */,
				B5A468C12C779F0F005DB485 /* sliceHitBomb.sks in Resources */,
				B5A468BC2C779F0F005DB485 /* sliceHitEnemy.sks in Resources */,
				B5A468A92C779D94005DB485 /* Assets.xcassets in Resources */,
				B5A468BF2C779F0F005DB485 /* explosion.caf in Resources */,
				B5A468C22C779F0F005DB485 /* whack.caf in Resources */,
				B5A468AC2C779D94005DB485 /* Base in Resources */,
				B5A468C32C779F0F005DB485 /* wrong.caf in Resources */,
				B5A468C42C779F0F005DB485 /* sliceFuse.sks in Resources */,
				B5A468C02C779F0F005DB485 /* swoosh1.caf in Resources */,
				B5A468C52C779F0F005DB485 /* swoosh3.caf in Resources */,
			);
			runOnlyForDeploymentPostprocessing = 0;
		};
/* End PBXResourcesBuildPhase section */

/* Begin PBXSourcesBuildPhase section */
		B5A468942C779D93005DB485 /* Sources */ = {
			isa = PBXSourcesBuildPhase;
			buildActionMask = 2147483647;
			files = (
				B5A468A22C779D93005DB485 /* GameScene.swift in Sources */,
				B5A468A42C779D93005DB485 /* GameViewController.swift in Sources */,
				B5A4689C2C779D93005DB485 /* AppDelegate.swift in Sources */,
			);
			runOnlyForDeploymentPostprocessing = 0;
		};
/* End PBXSourcesBuildPhase section */

/* Begin PBXVariantGroup section */
		B5A468A52C779D93005DB485 /* Main.storyboard */ = {
			isa = PBXVariantGroup;
			children = (
				B5A468A62C779D93005DB485 /* Base */,
			);
			name = Main.storyboard;
			sourceTree = "<group>";
		};
		B5A468AA2C779D94005DB485 /* LaunchScreen.storyboard */ = {
			isa = PBXVariantGroup;
			children = (
				B5A468AB2C779D94005DB485 /* Base */,
			);
			name = LaunchScreen.storyboard;
			sourceTree = "<group>";
		};
/* End PBXVariantGroup section */

/* Begin XCBuildConfiguration section */
		B5A468AD2C779D94005DB485 /* Debug */ = {
			isa = XCBuildConfiguration;
			buildSettings = {
				ALWAYS_SEARCH_USER_PATHS = NO;
				ASSETCATALOG_COMPILER_GENERATE_SWIFT_ASSET_SYMBOL_EXTENSIONS = YES;
				CLANG_ANALYZER_NONNULL = YES;
				CLANG_ANALYZER_NUMBER_OBJECT_CONVERSION = YES_AGGRESSIVE;
				CLANG_CXX_LANGUAGE_STANDARD = "gnu++20";
				CLANG_ENABLE_MODULES = YES;
				CLANG_ENABLE_OBJC_ARC = YES;
				CLANG_ENABLE_OBJC_WEAK = YES;
				CLANG_WARN_BLOCK_CAPTURE_AUTORELEASING = YES;
				CLANG_WARN_BOOL_CONVERSION = YES;
				CLANG_WARN_COMMA = YES;
				CLANG_WARN_CONSTANT_CONVERSION = YES;
				CLANG_WARN_DEPRECATED_OBJC_IMPLEMENTATIONS = YES;
				CLANG_WARN_DIRECT_OBJC_ISA_USAGE = YES_ERROR;
				CLANG_WARN_DOCUMENTATION_COMMENTS = YES;
				CLANG_WARN_EMPTY_BODY = YES;
				CLANG_WARN_ENUM_CONVERSION = YES;
				CLANG_WARN_INFINITE_RECURSION = YES;
				CLANG_WARN_INT_CONVERSION = YES;
				CLANG_WARN_NON_LITERAL_NULL_CONVERSION = YES;
				CLANG_WARN_OBJC_IMPLICIT_RETAIN_SELF = YES;
				CLANG_WARN_OBJC_LITERAL_CONVERSION = YES;
				CLANG_WARN_OBJC_ROOT_CLASS = YES_ERROR;
				CLANG_WARN_QUOTED_INCLUDE_IN_FRAMEWORK_HEADER = YES;
				CLANG_WARN_RANGE_LOOP_ANALYSIS = YES;
				CLANG_WARN_STRICT_PROTOTYPES = YES;
				CLANG_WARN_SUSPICIOUS_MOVE = YES;
				CLANG_WARN_UNGUARDED_AVAILABILITY = YES_AGGRESSIVE;
				CLANG_WARN_UNREACHABLE_CODE = YES;
				CLANG_WARN__DUPLICATE_METHOD_MATCH = YES;
				COPY_PHASE_STRIP = NO;
				DEBUG_INFORMATION_FORMAT = dwarf;
				ENABLE_STRICT_OBJC_MSGSEND = YES;
				ENABLE_TESTABILITY = YES;
				ENABLE_USER_SCRIPT_SANDBOXING = YES;
				GCC_C_LANGUAGE_STANDARD = gnu17;
				GCC_DYNAMIC_NO_PIC = NO;
				GCC_NO_COMMON_BLOCKS = YES;
				GCC_OPTIMIZATION_LEVEL = 0;
				GCC_PREPROCESSOR_DEFINITIONS = (
					"DEBUG=1",
					"$(inherited)",
				);
				GCC_WARN_64_TO_32_BIT_CONVERSION = YES;
				GCC_WARN_ABOUT_RETURN_TYPE = YES_ERROR;
				GCC_WARN_UNDECLARED_SELECTOR = YES;
				GCC_WARN_UNINITIALIZED_AUTOS = YES_AGGRESSIVE;
				GCC_WARN_UNUSED_FUNCTION = YES;
				GCC_WARN_UNUSED_VARIABLE = YES;
				IPHONEOS_DEPLOYMENT_TARGET = 17.5;
				LOCALIZATION_PREFERS_STRING_CATALOGS = YES;
				MTL_ENABLE_DEBUG_INFO = INCLUDE_SOURCE;
				MTL_FAST_MATH = YES;
				ONLY_ACTIVE_ARCH = YES;
				SDKROOT = iphoneos;
				SWIFT_ACTIVE_COMPILATION_CONDITIONS = "DEBUG $(inherited)";
				SWIFT_OPTIMIZATION_LEVEL = "-Onone";
			};
			name = Debug;
		};
		B5A468AE2C779D94005DB485 /* Release */ = {
			isa = XCBuildConfiguration;
			buildSettings = {
				ALWAYS_SEARCH_USER_PATHS = NO;
				ASSETCATALOG_COMPILER_GENERATE_SWIFT_ASSET_SYMBOL_EXTENSIONS = YES;
				CLANG_ANALYZER_NONNULL = YES;
				CLANG_ANALYZER_NUMBER_OBJECT_CONVERSION = YES_AGGRESSIVE;
				CLANG_CXX_LANGUAGE_STANDARD = "gnu++20";
				CLANG_ENABLE_MODULES = YES;
				CLANG_ENABLE_OBJC_ARC = YES;
				CLANG_ENABLE_OBJC_WEAK = YES;
				CLANG_WARN_BLOCK_CAPTURE_AUTORELEASING = YES;
				CLANG_WARN_BOOL_CONVERSION = YES;
				CLANG_WARN_COMMA = YES;
				CLANG_WARN_CONSTANT_CONVERSION = YES;
				CLANG_WARN_DEPRECATED_OBJC_IMPLEMENTATIONS = YES;
				CLANG_WARN_DIRECT_OBJC_ISA_USAGE = YES_ERROR;
				CLANG_WARN_DOCUMENTATION_COMMENTS = YES;
				CLANG_WARN_EMPTY_BODY = YES;
				CLANG_WARN_ENUM_CONVERSION = YES;
				CLANG_WARN_INFINITE_RECURSION = YES;
				CLANG_WARN_INT_CONVERSION = YES;
				CLANG_WARN_NON_LITERAL_NULL_CONVERSION = YES;
				CLANG_WARN_OBJC_IMPLICIT_RETAIN_SELF = YES;
				CLANG_WARN_OBJC_LITERAL_CONVERSION = YES;
				CLANG_WARN_OBJC_ROOT_CLASS = YES_ERROR;
				CLANG_WARN_QUOTED_INCLUDE_IN_FRAMEWORK_HEADER = YES;
				CLANG_WARN_RANGE_LOOP_ANALYSIS = YES;
				CLANG_WARN_STRICT_PROTOTYPES = YES;
				CLANG_WARN_SUSPICIOUS_MOVE = YES;
				CLANG_WARN_UNGUARDED_AVAILABILITY = YES_AGGRESSIVE;
				CLANG_WARN_UNREACHABLE_CODE = YES;
				CLANG_WARN__DUPLICATE_METHOD_MATCH = YES;
				COPY_PHASE_STRIP = NO;
				DEBUG_INFORMATION_FORMAT = "dwarf-with-dsym";
				ENABLE_NS_ASSERTIONS = NO;
				ENABLE_STRICT_OBJC_MSGSEND = YES;
				ENABLE_USER_SCRIPT_SANDBOXING = YES;
				GCC_C_LANGUAGE_STANDARD = gnu17;
				GCC_NO_COMMON_BLOCKS = YES;
				GCC_WARN_64_TO_32_BIT_CONVERSION = YES;
				GCC_WARN_ABOUT_RETURN_TYPE = YES_ERROR;
				GCC_WARN_UNDECLARED_SELECTOR = YES;
				GCC_WARN_UNINITIALIZED_AUTOS = YES_AGGRESSIVE;
				GCC_WARN_UNUSED_FUNCTION = YES;
				GCC_WARN_UNUSED_VARIABLE = YES;
				IPHONEOS_DEPLOYMENT_TARGET = 17.5;
				LOCALIZATION_PREFERS_STRING_CATALOGS = YES;
				MTL_ENABLE_DEBUG_INFO = NO;
				MTL_FAST_MATH = YES;
				SDKROOT = iphoneos;
				SWIFT_COMPILATION_MODE = wholemodule;
				VALIDATE_PRODUCT = YES;
			};
			name = Release;
		};
		B5A468B02C779D94005DB485 /* Debug */ = {
			isa = XCBuildConfiguration;
			buildSettings = {
				ASSETCATALOG_COMPILER_APPICON_NAME = AppIcon;
				ASSETCATALOG_COMPILER_GLOBAL_ACCENT_COLOR_NAME = AccentColor;
				CODE_SIGN_STYLE = Automatic;
				CURRENT_PROJECT_VERSION = 1;
				DEVELOPMENT_TEAM = AL6U4A6MAQ;
				GENERATE_INFOPLIST_FILE = YES;
				INFOPLIST_KEY_UIApplicationSupportsIndirectInputEvents = YES;
				INFOPLIST_KEY_UILaunchStoryboardName = LaunchScreen;
				INFOPLIST_KEY_UIMainStoryboardFile = Main;
				INFOPLIST_KEY_UIStatusBarHidden = YES;
				INFOPLIST_KEY_UISupportedInterfaceOrientations = "UIInterfaceOrientationLandscapeLeft UIInterfaceOrientationLandscapeRight";
				INFOPLIST_KEY_UISupportedInterfaceOrientations_iPad = "UIInterfaceOrientationLandscapeLeft UIInterfaceOrientationLandscapeRight UIInterfaceOrientationPortrait UIInterfaceOrientationPortraitUpsideDown";
				LD_RUNPATH_SEARCH_PATHS = (
					"$(inherited)",
					"@executable_path/Frameworks",
				);
				MARKETING_VERSION = 1.0;
				PRODUCT_BUNDLE_IDENTIFIER = com.matthewzierl.Project23;
				PRODUCT_NAME = "$(TARGET_NAME)";
				SUPPORTED_PLATFORMS = "iphoneos iphonesimulator";
				SUPPORTS_MACCATALYST = NO;
				SUPPORTS_MAC_DESIGNED_FOR_IPHONE_IPAD = NO;
				SUPPORTS_XR_DESIGNED_FOR_IPHONE_IPAD = NO;
				SWIFT_EMIT_LOC_STRINGS = YES;
				SWIFT_VERSION = 5.0;
				TARGETED_DEVICE_FAMILY = 1;
			};
			name = Debug;
		};
		B5A468B12C779D94005DB485 /* Release */ = {
			isa = XCBuildConfiguration;
			buildSettings = {
				ASSETCATALOG_COMPILER_APPICON_NAME = AppIcon;
				ASSETCATALOG_COMPILER_GLOBAL_ACCENT_COLOR_NAME = AccentColor;
				CODE_SIGN_STYLE = Automatic;
				CURRENT_PROJECT_VERSION = 1;
				DEVELOPMENT_TEAM = AL6U4A6MAQ;
				GENERATE_INFOPLIST_FILE = YES;
				INFOPLIST_KEY_UIApplicationSupportsIndirectInputEvents = YES;
				INFOPLIST_KEY_UILaunchStoryboardName = LaunchScreen;
				INFOPLIST_KEY_UIMainStoryboardFile = Main;
				INFOPLIST_KEY_UIStatusBarHidden = YES;
				INFOPLIST_KEY_UISupportedInterfaceOrientations = "UIInterfaceOrientationLandscapeLeft UIInterfaceOrientationLandscapeRight";
				INFOPLIST_KEY_UISupportedInterfaceOrientations_iPad = "UIInterfaceOrientationLandscapeLeft UIInterfaceOrientationLandscapeRight UIInterfaceOrientationPortrait UIInterfaceOrientationPortraitUpsideDown";
				LD_RUNPATH_SEARCH_PATHS = (
					"$(inherited)",
					"@executable_path/Frameworks",
				);
				MARKETING_VERSION = 1.0;
				PRODUCT_BUNDLE_IDENTIFIER = com.matthewzierl.Project23;
				PRODUCT_NAME = "$(TARGET_NAME)";
				SUPPORTED_PLATFORMS = "iphoneos iphonesimulator";
				SUPPORTS_MACCATALYST = NO;
				SUPPORTS_MAC_DESIGNED_FOR_IPHONE_IPAD = NO;
				SUPPORTS_XR_DESIGNED_FOR_IPHONE_IPAD = NO;
				SWIFT_EMIT_LOC_STRINGS = YES;
				SWIFT_VERSION = 5.0;
				TARGETED_DEVICE_FAMILY = 1;
			};
			name = Release;
		};
/* End XCBuildConfiguration section */

/* Begin XCConfigurationList section */
		B5A468932C779D93005DB485 /* Build configuration list for PBXProject "Project23" */ = {
			isa = XCConfigurationList;
			buildConfigurations = (
				B5A468AD2C779D94005DB485 /* Debug */,
				B5A468AE2C779D94005DB485 /* Release */,
			);
			defaultConfigurationIsVisible = 0;
			defaultConfigurationName = Release;
		};
		B5A468AF2C779D94005DB485 /* Build configuration list for PBXNativeTarget "Project23" */ = {
			isa = XCConfigurationList;
			buildConfigurations = (
				B5A468B02C779D94005DB485 /* Debug */,
				B5A468B12C779D94005DB485 /* Release */,
			);
			defaultConfigurationIsVisible = 0;
			defaultConfigurationName = Release;
		};
/* End XCConfigurationList section */
	};
	rootObject = B5A468902C779D93005DB485 /* Project object */;
}
